
Microsoft Visual Studio Solution File, Format Version 12.00
# Visual Studio Version 17
VisualStudioVersion = 17.0.32112.339
MinimumVisualStudioVersion = 10.0.40219.1
Project("{FAE04EC0-301F-11D3-BF4B-00C04F79EFBC}") = "Control Flow - Exercise 2", "Control Flow - Exercise 2\Control Flow - Exercise 2.csproj", "{4FBFE737-7675-4936-82DE-63B86CC72838}"
EndProject
Global
	GlobalSection(SolutionConfigurationPlatforms) = preSolution
		Debug|Any CPU = Debug|Any CPU
		Release|Any CPU = Release|Any CPU
	EndGlobalSection
	GlobalSection(ProjectConfigurationPlatforms) = postSolution
		{4FBFE737-7675-4936-82DE-63B86CC72838}.Debug|Any CPU.ActiveCfg = Debug|Any CPU
		{4FBFE737-7675-4936-82DE-63B86CC72838}.Debug|Any CPU.Build.0 = Debug|Any CPU
		{4FBFE737-7675-4936-82DE-63B86CC72838}.Release|Any CPU.ActiveCfg = Release|Any CPU
		{4FBFE737-7675-4936-82DE-63B86CC72838}.Release|Any CPU.Build.0 = Release|Any CPU
	EndGlobalSection
	GlobalSection(SolutionProperties) = preSolution
		HideSolutionNode = FALSE
	EndGlobalSection
	GlobalSection(ExtensibilityGlobals) = postSolution
		SolutionGuid = {B8C06DBB-0E62-4971-B89A-6B1B7A12B0F4}
	EndGlobalSection
EndGlobal
